
Microsoft Visual Studio Solution File, Format Version 12.00
# Visual Studio Version 17
VisualStudioVersion = 17.8.34322.80
MinimumVisualStudioVersion = 10.0.40219.1
Project("{FAE04EC0-301F-11D3-BF4B-00C04F79EFBC}") = "AutoAlphaWarhead", "AutoAlphaWarhead\AutoAlphaWarhead.csproj", "{9507ECE2-1711-4190-A5B4-F2545EBFF791}"
EndProject
Global
	GlobalSection(SolutionConfigurationPlatforms) = preSolution
		Debug|Any CPU = Debug|Any CPU
		Release|Any CPU = Release|Any CPU
	EndGlobalSection
	GlobalSection(ProjectConfigurationPlatforms) = postSolution
		{9507ECE2-1711-4190-A5B4-F2545EBFF791}.Debug|Any CPU.ActiveCfg = Debug|Any CPU
		{9507ECE2-1711-4190-A5B4-F2545EBFF791}.Debug|Any CPU.Build.0 = Debug|Any CPU
		{9507ECE2-1711-4190-A5B4-F2545EBFF791}.Release|Any CPU.ActiveCfg = Release|Any CPU
		{9507ECE2-1711-4190-A5B4-F2545EBFF791}.Release|Any CPU.Build.0 = Release|Any CPU
	EndGlobalSection
	GlobalSection(SolutionProperties) = preSolution
		HideSolutionNode = FALSE
	EndGlobalSection
	GlobalSection(ExtensibilityGlobals) = postSolution
		SolutionGuid = {2FFBC046-3687-4A1C-BA95-DC72585A77CD}
	EndGlobalSection
EndGlobal
